
Microsoft Visual Studio Solution File, Format Version 12.00
# Visual Studio Version 17
VisualStudioVersion = 17.1.32228.430
MinimumVisualStudioVersion = 10.0.40219.1
Project("{2150E333-8FDC-42A3-9474-1A3956D46DE8}") = "publish", "publish", "{0B0F6E31-321D-43BA-8E3D-F21DE4566EE9}"
	ProjectSection(SolutionItems) = preProject
		.github\workflows\publish.yml = .github\workflows\publish.yml
	EndProjectSection
EndProject
Project("{2150E333-8FDC-42A3-9474-1A3956D46DE8}") = "src", "src", "{C9A89760-951B-4221-BD6B-E7942BEA0073}"
EndProject
Project("{2150E333-8FDC-42A3-9474-1A3956D46DE8}") = "test", "test", "{3E930EE1-3250-4058-A84B-EC6B51464D86}"
EndProject
Project("{9A19103F-16F7-4668-BE54-9A1E7A4F7556}") = "Clicksrv.StartWithOSSettings", "src\Clicksrv.StartWithOSSettings.csproj", "{51DE2004-B56A-44A4-A3F4-E98D47D1029D}"
EndProject
Project("{FAE04EC0-301F-11D3-BF4B-00C04F79EFBC}") = "Clicksrv.StartWithOSSettings.Tests", "..\Clicksrv.StartWithOS.Tests\Clicksrv.StartWithOSSettings.Tests.csproj", "{C54A2917-28A0-472A-AD70-4C366DF218B4}"
EndProject
Global
	GlobalSection(SolutionConfigurationPlatforms) = preSolution
		Debug|Any CPU = Debug|Any CPU
		Release|Any CPU = Release|Any CPU
	EndGlobalSection
	GlobalSection(ProjectConfigurationPlatforms) = postSolution
		{51DE2004-B56A-44A4-A3F4-E98D47D1029D}.Debug|Any CPU.ActiveCfg = Debug|Any CPU
		{51DE2004-B56A-44A4-A3F4-E98D47D1029D}.Debug|Any CPU.Build.0 = Debug|Any CPU
		{51DE2004-B56A-44A4-A3F4-E98D47D1029D}.Release|Any CPU.ActiveCfg = Release|Any CPU
		{51DE2004-B56A-44A4-A3F4-E98D47D1029D}.Release|Any CPU.Build.0 = Release|Any CPU
		{C54A2917-28A0-472A-AD70-4C366DF218B4}.Debug|Any CPU.ActiveCfg = Debug|Any CPU
		{C54A2917-28A0-472A-AD70-4C366DF218B4}.Debug|Any CPU.Build.0 = Debug|Any CPU
		{C54A2917-28A0-472A-AD70-4C366DF218B4}.Release|Any CPU.ActiveCfg = Release|Any CPU
		{C54A2917-28A0-472A-AD70-4C366DF218B4}.Release|Any CPU.Build.0 = Release|Any CPU
	EndGlobalSection
	GlobalSection(SolutionProperties) = preSolution
		HideSolutionNode = FALSE
	EndGlobalSection
	GlobalSection(NestedProjects) = preSolution
		{51DE2004-B56A-44A4-A3F4-E98D47D1029D} = {C9A89760-951B-4221-BD6B-E7942BEA0073}
		{C54A2917-28A0-472A-AD70-4C366DF218B4} = {3E930EE1-3250-4058-A84B-EC6B51464D86}
	EndGlobalSection
	GlobalSection(ExtensibilityGlobals) = postSolution
		SolutionGuid = {B631C3E7-0DCD-4629-B847-07153D7CD30C}
	EndGlobalSection
EndGlobal
