
Microsoft Visual Studio Solution File, Format Version 12.00
# Visual Studio Version 17
VisualStudioVersion = 17.1.32228.430
MinimumVisualStudioVersion = 10.0.40219.1
Project("{2150E333-8FDC-42A3-9474-1A3956D46DE8}") = "publish", "publish", "{0B0F6E31-321D-43BA-8E3D-F21DE4566EE9}"
	ProjectSection(SolutionItems) = preProject
		.github\workflows\publish.yml = .github\workflows\publish.yml
	EndProjectSection
EndProject
Project("{2150E333-8FDC-42A3-9474-1A3956D46DE8}") = "src", "src", "{C9A89760-951B-4221-BD6B-E7942BEA0073}"
	ProjectSection(SolutionItems) = preProject
		README.md = README.md
	EndProjectSection
EndProject
Project("{2150E333-8FDC-42A3-9474-1A3956D46DE8}") = "test", "test", "{3E930EE1-3250-4058-A84B-EC6B51464D86}"
EndProject
Project("{9A19103F-16F7-4668-BE54-9A1E7A4F7556}") = "Clicksrv.StartWithOSSettings.Tests", "test\Clicksrv.StartWithOSSettings.Tests.csproj", "{3CE783F7-AC2E-4A0C-B608-1424CC584F33}"
EndProject
Project("{9A19103F-16F7-4668-BE54-9A1E7A4F7556}") = "Clicksrv.StartWithOSSettings", "Clicksrv.StartWithOSSettings.csproj", "{C38693C2-D5CB-464C-B000-7A5B376169D5}"
EndProject
Global
	GlobalSection(SolutionConfigurationPlatforms) = preSolution
		Debug|Any CPU = Debug|Any CPU
		Release|Any CPU = Release|Any CPU
	EndGlobalSection
	GlobalSection(ProjectConfigurationPlatforms) = postSolution
		{3CE783F7-AC2E-4A0C-B608-1424CC584F33}.Debug|Any CPU.ActiveCfg = Debug|Any CPU
		{3CE783F7-AC2E-4A0C-B608-1424CC584F33}.Debug|Any CPU.Build.0 = Debug|Any CPU
		{3CE783F7-AC2E-4A0C-B608-1424CC584F33}.Release|Any CPU.ActiveCfg = Release|Any CPU
		{3CE783F7-AC2E-4A0C-B608-1424CC584F33}.Release|Any CPU.Build.0 = Release|Any CPU
		{C38693C2-D5CB-464C-B000-7A5B376169D5}.Debug|Any CPU.ActiveCfg = Debug|Any CPU
		{C38693C2-D5CB-464C-B000-7A5B376169D5}.Debug|Any CPU.Build.0 = Debug|Any CPU
		{C38693C2-D5CB-464C-B000-7A5B376169D5}.Release|Any CPU.ActiveCfg = Release|Any CPU
		{C38693C2-D5CB-464C-B000-7A5B376169D5}.Release|Any CPU.Build.0 = Release|Any CPU
	EndGlobalSection
	GlobalSection(SolutionProperties) = preSolution
		HideSolutionNode = FALSE
	EndGlobalSection
	GlobalSection(NestedProjects) = preSolution
		{3CE783F7-AC2E-4A0C-B608-1424CC584F33} = {3E930EE1-3250-4058-A84B-EC6B51464D86}
		{C38693C2-D5CB-464C-B000-7A5B376169D5} = {C9A89760-951B-4221-BD6B-E7942BEA0073}
	EndGlobalSection
	GlobalSection(ExtensibilityGlobals) = postSolution
		SolutionGuid = {B631C3E7-0DCD-4629-B847-07153D7CD30C}
	EndGlobalSection
EndGlobal
